
Microsoft Visual Studio Solution File, Format Version 12.00
# Visual Studio 15
VisualStudioVersion = 15.0.28307.106
MinimumVisualStudioVersion = 10.0.40219.1
Project("{FAE04EC0-301F-11D3-BF4B-00C04F79EFBC}") = "FTP_wf", "FTP_wf\FTP_wf.csproj", "{8FB1AEF2-99A4-4700-91F9-4D019CF02297}"
EndProject
Global
	GlobalSection(SolutionConfigurationPlatforms) = preSolution
		Debug|Any CPU = Debug|Any CPU
		Release|Any CPU = Release|Any CPU
	EndGlobalSection
	GlobalSection(ProjectConfigurationPlatforms) = postSolution
		{8FB1AEF2-99A4-4700-91F9-4D019CF02297}.Debug|Any CPU.ActiveCfg = Debug|Any CPU
		{8FB1AEF2-99A4-4700-91F9-4D019CF02297}.Debug|Any CPU.Build.0 = Debug|Any CPU
		{8FB1AEF2-99A4-4700-91F9-4D019CF02297}.Release|Any CPU.ActiveCfg = Release|Any CPU
		{8FB1AEF2-99A4-4700-91F9-4D019CF02297}.Release|Any CPU.Build.0 = Release|Any CPU
	EndGlobalSection
	GlobalSection(SolutionProperties) = preSolution
		HideSolutionNode = FALSE
	EndGlobalSection
	GlobalSection(ExtensibilityGlobals) = postSolution
		SolutionGuid = {C788791F-D18D-4C09-AB87-81A0802B8CD5}
	EndGlobalSection
EndGlobal
